// !$*UTF8*$!
{
	archiveVersion = 1;
	classes = {
	};
	objectVersion = 50;
	objects = {

/* Begin PBXBuildFile section */
		21100B09D2DA185393084777 /* Pods_RecordBook.framework in Frameworks */ = {isa = PBXBuildFile; fileRef = 88F1432D926AC34922CD2270 /* Pods_RecordBook.framework */; };
		D907E7D921AD58B600D4CAC6 /* GoogleService-Info.plist in Resources */ = {isa = PBXBuildFile; fileRef = D907E7D821AD58B600D4CAC6 /* GoogleService-Info.plist */; };
		D9B3DFCA21AC62D100E4A984 /* AppDelegate.swift in Sources */ = {isa = PBXBuildFile; fileRef = D9B3DFC921AC62D100E4A984 /* AppDelegate.swift */; };
		D9B3DFCC21AC62D100E4A984 /* FirstViewController.swift in Sources */ = {isa = PBXBuildFile; fileRef = D9B3DFCB21AC62D100E4A984 /* FirstViewController.swift */; };
		D9B3DFCE21AC62D100E4A984 /* SecondViewController.swift in Sources */ = {isa = PBXBuildFile; fileRef = D9B3DFCD21AC62D100E4A984 /* SecondViewController.swift */; };
		D9B3DFD121AC62D100E4A984 /* Main.storyboard in Resources */ = {isa = PBXBuildFile; fileRef = D9B3DFCF21AC62D100E4A984 /* Main.storyboard */; };
		D9B3DFD321AC62D300E4A984 /* Assets.xcassets in Resources */ = {isa = PBXBuildFile; fileRef = D9B3DFD221AC62D300E4A984 /* Assets.xcassets */; };
		D9B3DFD621AC62D300E4A984 /* LaunchScreen.storyboard in Resources */ = {isa = PBXBuildFile; fileRef = D9B3DFD421AC62D300E4A984 /* LaunchScreen.storyboard */; };
/* End PBXBuildFile section */

/* Begin PBXFileReference section */
		2988F3A3ADA838FBEB33FA40 /* Pods-RecordBook.debug.xcconfig */ = {isa = PBXFileReference; includeInIndex = 1; lastKnownFileType = text.xcconfig; name = "Pods-RecordBook.debug.xcconfig"; path = "Pods/Target Support Files/Pods-RecordBook/Pods-RecordBook.debug.xcconfig"; sourceTree = "<group>"; };
		88F1432D926AC34922CD2270 /* Pods_RecordBook.framework */ = {isa = PBXFileReference; explicitFileType = wrapper.framework; includeInIndex = 0; path = Pods_RecordBook.framework; sourceTree = BUILT_PRODUCTS_DIR; };
		9385BAF18741A68B4F8CD885 /* Pods-RecordBook.release.xcconfig */ = {isa = PBXFileReference; includeInIndex = 1; lastKnownFileType = text.xcconfig; name = "Pods-RecordBook.release.xcconfig"; path = "Pods/Target Support Files/Pods-RecordBook/Pods-RecordBook.release.xcconfig"; sourceTree = "<group>"; };
		D907E7D821AD58B600D4CAC6 /* GoogleService-Info.plist */ = {isa = PBXFileReference; fileEncoding = 4; lastKnownFileType = text.plist.xml; path = "GoogleService-Info.plist"; sourceTree = "<group>"; };
		D9B3DFC621AC62D100E4A984 /* RecordBook.app */ = {isa = PBXFileReference; explicitFileType = wrapper.application; includeInIndex = 0; path = RecordBook.app; sourceTree = BUILT_PRODUCTS_DIR; };
		D9B3DFC921AC62D100E4A984 /* AppDelegate.swift */ = {isa = PBXFileReference; lastKnownFileType = sourcecode.swift; path = AppDelegate.swift; sourceTree = "<group>"; };
		D9B3DFCB21AC62D100E4A984 /* FirstViewController.swift */ = {isa = PBXFileReference; lastKnownFileType = sourcecode.swift; path = FirstViewController.swift; sourceTree = "<group>"; };
		D9B3DFCD21AC62D100E4A984 /* SecondViewController.swift */ = {isa = PBXFileReference; lastKnownFileType = sourcecode.swift; path = SecondViewController.swift; sourceTree = "<group>"; };
		D9B3DFD021AC62D100E4A984 /* Base */ = {isa = PBXFileReference; lastKnownFileType = file.storyboard; name = Base; path = Base.lproj/Main.storyboard; sourceTree = "<group>"; };
		D9B3DFD221AC62D300E4A984 /* Assets.xcassets */ = {isa = PBXFileReference; lastKnownFileType = folder.assetcatalog; path = Assets.xcassets; sourceTree = "<group>"; };
		D9B3DFD521AC62D300E4A984 /* Base */ = {isa = PBXFileReference; lastKnownFileType = file.storyboard; name = Base; path = Base.lproj/LaunchScreen.storyboard; sourceTree = "<group>"; };
		D9B3DFD721AC62D300E4A984 /* Info.plist */ = {isa = PBXFileReference; lastKnownFileType = text.plist.xml; path = Info.plist; sourceTree = "<group>"; };
/* End PBXFileReference section */

/* Begin PBXFrameworksBuildPhase section */
		D9B3DFC321AC62D100E4A984 /* Frameworks */ = {
			isa = PBXFrameworksBuildPhase;
			buildActionMask = 2147483647;
			files = (
				21100B09D2DA185393084777 /* Pods_RecordBook.framework in Frameworks */,
			);
			runOnlyForDeploymentPostprocessing = 0;
		};
/* End PBXFrameworksBuildPhase section */

/* Begin PBXGroup section */
		C762F7D4B8AE5FDA63A6EFC3 /* Pods */ = {
			isa = PBXGroup;
			children = (
				2988F3A3ADA838FBEB33FA40 /* Pods-RecordBook.debug.xcconfig */,
				9385BAF18741A68B4F8CD885 /* Pods-RecordBook.release.xcconfig */,
			);
			name = Pods;
			sourceTree = "<group>";
		};
		D9B3DFBD21AC62D100E4A984 = {
			isa = PBXGroup;
			children = (
				D9B3DFC821AC62D100E4A984 /* RecordBook */,
				D9B3DFC721AC62D100E4A984 /* Products */,
				C762F7D4B8AE5FDA63A6EFC3 /* Pods */,
				E2501EAB3CC360E14B1D007B /* Frameworks */,
			);
			sourceTree = "<group>";
		};
		D9B3DFC721AC62D100E4A984 /* Products */ = {
			isa = PBXGroup;
			children = (
				D9B3DFC621AC62D100E4A984 /* RecordBook.app */,
			);
			name = Products;
			sourceTree = "<group>";
		};
		D9B3DFC821AC62D100E4A984 /* RecordBook */ = {
			isa = PBXGroup;
			children = (
				D907E7D821AD58B600D4CAC6 /* GoogleService-Info.plist */,
				D9B3DFC921AC62D100E4A984 /* AppDelegate.swift */,
				D9B3DFDD21AC62E400E4A984 /* Model */,
				D9B3DFCB21AC62D100E4A984 /* FirstViewController.swift */,
				D9B3DFCD21AC62D100E4A984 /* SecondViewController.swift */,
				D9B3DFCF21AC62D100E4A984 /* Main.storyboard */,
				D9B3DFD221AC62D300E4A984 /* Assets.xcassets */,
				D9B3DFD421AC62D300E4A984 /* LaunchScreen.storyboard */,
				D9B3DFD721AC62D300E4A984 /* Info.plist */,
			);
			path = RecordBook;
			sourceTree = "<group>";
		};
		D9B3DFDD21AC62E400E4A984 /* Model */ = {
			isa = PBXGroup;
			children = (
			);
			path = Model;
			sourceTree = "<group>";
		};
		E2501EAB3CC360E14B1D007B /* Frameworks */ = {
			isa = PBXGroup;
			children = (
				88F1432D926AC34922CD2270 /* Pods_RecordBook.framework */,
			);
			name = Frameworks;
			sourceTree = "<group>";
		};
/* End PBXGroup section */

/* Begin PBXNativeTarget section */
		D9B3DFC521AC62D100E4A984 /* RecordBook */ = {
			isa = PBXNativeTarget;
			buildConfigurationList = D9B3DFDA21AC62D300E4A984 /* Build configuration list for PBXNativeTarget "RecordBook" */;
			buildPhases = (
				55BFE8FC184D794914982E79 /* [CP] Check Pods Manifest.lock */,
				D9B3DFC221AC62D100E4A984 /* Sources */,
				D9B3DFC321AC62D100E4A984 /* Frameworks */,
				D9B3DFC421AC62D100E4A984 /* Resources */,
				36BBFE8019964EC192BB6ECE /* [CP] Embed Pods Frameworks */,
			);
			buildRules = (
			);
			dependencies = (
			);
			name = RecordBook;
			productName = RecordBook;
			productReference = D9B3DFC621AC62D100E4A984 /* RecordBook.app */;
			productType = "com.apple.product-type.application";
		};
/* End PBXNativeTarget section */

/* Begin PBXProject section */
		D9B3DFBE21AC62D100E4A984 /* Project object */ = {
			isa = PBXProject;
			attributes = {
				LastSwiftUpdateCheck = 1010;
				LastUpgradeCheck = 1010;
				ORGANIZATIONNAME = Berk;
				TargetAttributes = {
					D9B3DFC521AC62D100E4A984 = {
						CreatedOnToolsVersion = 10.1;
					};
				};
			};
			buildConfigurationList = D9B3DFC121AC62D100E4A984 /* Build configuration list for PBXProject "RecordBook" */;
			compatibilityVersion = "Xcode 9.3";
			developmentRegion = en;
			hasScannedForEncodings = 0;
			knownRegions = (
				en,
				Base,
			);
			mainGroup = D9B3DFBD21AC62D100E4A984;
			productRefGroup = D9B3DFC721AC62D100E4A984 /* Products */;
			projectDirPath = "";
			projectRoot = "";
			targets = (
				D9B3DFC521AC62D100E4A984 /* RecordBook */,
			);
		};
/* End PBXProject section */

/* Begin PBXResourcesBuildPhase section */
		D9B3DFC421AC62D100E4A984 /* Resources */ = {
			isa = PBXResourcesBuildPhase;
			buildActionMask = 2147483647;
			files = (
				D9B3DFD621AC62D300E4A984 /* LaunchScreen.storyboard in Resources */,
				D907E7D921AD58B600D4CAC6 /* GoogleService-Info.plist in Resources */,
				D9B3DFD321AC62D300E4A984 /* Assets.xcassets in Resources */,
				D9B3DFD121AC62D100E4A984 /* Main.storyboard in Resources */,
			);
			runOnlyForDeploymentPostprocessing = 0;
		};
/* End PBXResourcesBuildPhase section */

/* Begin PBXShellScriptBuildPhase section */
		36BBFE8019964EC192BB6ECE /* [CP] Embed Pods Frameworks */ = {
			isa = PBXShellScriptBuildPhase;
			buildActionMask = 2147483647;
			files = (
			);
			inputFileListPaths = (
			);
			inputPaths = (
				"${SRCROOT}/Pods/Target Support Files/Pods-RecordBook/Pods-RecordBook-frameworks.sh",
				"${BUILT_PRODUCTS_DIR}/GoogleUtilities/GoogleUtilities.framework",
				"${BUILT_PRODUCTS_DIR}/nanopb/nanopb.framework",
			);
			name = "[CP] Embed Pods Frameworks";
			outputFileListPaths = (
			);
			outputPaths = (
				"${TARGET_BUILD_DIR}/${FRAMEWORKS_FOLDER_PATH}/GoogleUtilities.framework",
				"${TARGET_BUILD_DIR}/${FRAMEWORKS_FOLDER_PATH}/nanopb.framework",
			);
			runOnlyForDeploymentPostprocessing = 0;
			shellPath = /bin/sh;
			shellScript = "\"${SRCROOT}/Pods/Target Support Files/Pods-RecordBook/Pods-RecordBook-frameworks.sh\"\n";
			showEnvVarsInLog = 0;
		};
		55BFE8FC184D794914982E79 /* [CP] Check Pods Manifest.lock */ = {
			isa = PBXShellScriptBuildPhase;
			buildActionMask = 2147483647;
			files = (
			);
			inputFileListPaths = (
			);
			inputPaths = (
				"${PODS_PODFILE_DIR_PATH}/Podfile.lock",
				"${PODS_ROOT}/Manifest.lock",
			);
			name = "[CP] Check Pods Manifest.lock";
			outputFileListPaths = (
			);
			outputPaths = (
				"$(DERIVED_FILE_DIR)/Pods-RecordBook-checkManifestLockResult.txt",
			);
			runOnlyForDeploymentPostprocessing = 0;
			shellPath = /bin/sh;
			shellScript = "diff \"${PODS_PODFILE_DIR_PATH}/Podfile.lock\" \"${PODS_ROOT}/Manifest.lock\" > /dev/null\nif [ $? != 0 ] ; then\n    # print error to STDERR\n    echo \"error: The sandbox is not in sync with the Podfile.lock. Run 'pod install' or update your CocoaPods installation.\" >&2\n    exit 1\nfi\n# This output is used by Xcode 'outputs' to avoid re-running this script phase.\necho \"SUCCESS\" > \"${SCRIPT_OUTPUT_FILE_0}\"\n";
			showEnvVarsInLog = 0;
		};
/* End PBXShellScriptBuildPhase section */

/* Begin PBXSourcesBuildPhase section */
		D9B3DFC221AC62D100E4A984 /* Sources */ = {
			isa = PBXSourcesBuildPhase;
			buildActionMask = 2147483647;
			files = (
				D9B3DFCE21AC62D100E4A984 /* SecondViewController.swift in Sources */,
				D9B3DFCA21AC62D100E4A984 /* AppDelegate.swift in Sources */,
				D9B3DFCC21AC62D100E4A984 /* FirstViewController.swift in Sources */,
			);
			runOnlyForDeploymentPostprocessing = 0;
		};
/* End PBXSourcesBuildPhase section */

/* Begin PBXVariantGroup section */
		D9B3DFCF21AC62D100E4A984 /* Main.storyboard */ = {
			isa = PBXVariantGroup;
			children = (
				D9B3DFD021AC62D100E4A984 /* Base */,
			);
			name = Main.storyboard;
			sourceTree = "<group>";
		};
		D9B3DFD421AC62D300E4A984 /* LaunchScreen.storyboard */ = {
			isa = PBXVariantGroup;
			children = (
				D9B3DFD521AC62D300E4A984 /* Base */,
			);
			name = LaunchScreen.storyboard;
			sourceTree = "<group>";
		};
/* End PBXVariantGroup section */

/* Begin XCBuildConfiguration section */
		D9B3DFD821AC62D300E4A984 /* Debug */ = {
			isa = XCBuildConfiguration;
			buildSettings = {
				ALWAYS_SEARCH_USER_PATHS = NO;
				CLANG_ANALYZER_NONNULL = YES;
				CLANG_ANALYZER_NUMBER_OBJECT_CONVERSION = YES_AGGRESSIVE;
				CLANG_CXX_LANGUAGE_STANDARD = "gnu++14";
				CLANG_CXX_LIBRARY = "libc++";
				CLANG_ENABLE_MODULES = YES;
				CLANG_ENABLE_OBJC_ARC = YES;
				CLANG_ENABLE_OBJC_WEAK = YES;
				CLANG_WARN_BLOCK_CAPTURE_AUTORELEASING = YES;
				CLANG_WARN_BOOL_CONVERSION = YES;
				CLANG_WARN_COMMA = YES;
				CLANG_WARN_CONSTANT_CONVERSION = YES;
				CLANG_WARN_DEPRECATED_OBJC_IMPLEMENTATIONS = YES;
				CLANG_WARN_DIRECT_OBJC_ISA_USAGE = YES_ERROR;
				CLANG_WARN_DOCUMENTATION_COMMENTS = YES;
				CLANG_WARN_EMPTY_BODY = YES;
				CLANG_WARN_ENUM_CONVERSION = YES;
				CLANG_WARN_INFINITE_RECURSION = YES;
				CLANG_WARN_INT_CONVERSION = YES;
				CLANG_WARN_NON_LITERAL_NULL_CONVERSION = YES;
				CLANG_WARN_OBJC_IMPLICIT_RETAIN_SELF = YES;
				CLANG_WARN_OBJC_LITERAL_CONVERSION = YES;
				CLANG_WARN_OBJC_ROOT_CLASS = YES_ERROR;
				CLANG_WARN_RANGE_LOOP_ANALYSIS = YES;
				CLANG_WARN_STRICT_PROTOTYPES = YES;
				CLANG_WARN_SUSPICIOUS_MOVE = YES;
				CLANG_WARN_UNGUARDED_AVAILABILITY = YES_AGGRESSIVE;
				CLANG_WARN_UNREACHABLE_CODE = YES;
				CLANG_WARN__DUPLICATE_METHOD_MATCH = YES;
				CODE_SIGN_IDENTITY = "iPhone Developer";
				COPY_PHASE_STRIP = NO;
				DEBUG_INFORMATION_FORMAT = dwarf;
				ENABLE_STRICT_OBJC_MSGSEND = YES;
				ENABLE_TESTABILITY = YES;
				GCC_C_LANGUAGE_STANDARD = gnu11;
				GCC_DYNAMIC_NO_PIC = NO;
				GCC_NO_COMMON_BLOCKS = YES;
				GCC_OPTIMIZATION_LEVEL = 0;
				GCC_PREPROCESSOR_DEFINITIONS = (
					"DEBUG=1",
					"$(inherited)",
				);
				GCC_WARN_64_TO_32_BIT_CONVERSION = YES;
				GCC_WARN_ABOUT_RETURN_TYPE = YES_ERROR;
				GCC_WARN_UNDECLARED_SELECTOR = YES;
				GCC_WARN_UNINITIALIZED_AUTOS = YES_AGGRESSIVE;
				GCC_WARN_UNUSED_FUNCTION = YES;
				GCC_WARN_UNUSED_VARIABLE = YES;
				IPHONEOS_DEPLOYMENT_TARGET = 12.1;
				MTL_ENABLE_DEBUG_INFO = INCLUDE_SOURCE;
				MTL_FAST_MATH = YES;
				ONLY_ACTIVE_ARCH = YES;
				SDKROOT = iphoneos;
				SWIFT_ACTIVE_COMPILATION_CONDITIONS = DEBUG;
				SWIFT_OPTIMIZATION_LEVEL = "-Onone";
			};
			name = Debug;
		};
		D9B3DFD921AC62D300E4A984 /* Release */ = {
			isa = XCBuildConfiguration;
			buildSettings = {
				ALWAYS_SEARCH_USER_PATHS = NO;
				CLANG_ANALYZER_NONNULL = YES;
				CLANG_ANALYZER_NUMBER_OBJECT_CONVERSION = YES_AGGRESSIVE;
				CLANG_CXX_LANGUAGE_STANDARD = "gnu++14";
				CLANG_CXX_LIBRARY = "libc++";
				CLANG_ENABLE_MODULES = YES;
				CLANG_ENABLE_OBJC_ARC = YES;
				CLANG_ENABLE_OBJC_WEAK = YES;
				CLANG_WARN_BLOCK_CAPTURE_AUTORELEASING = YES;
				CLANG_WARN_BOOL_CONVERSION = YES;
				CLANG_WARN_COMMA = YES;
				CLANG_WARN_CONSTANT_CONVERSION = YES;
				CLANG_WARN_DEPRECATED_OBJC_IMPLEMENTATIONS = YES;
				CLANG_WARN_DIRECT_OBJC_ISA_USAGE = YES_ERROR;
				CLANG_WARN_DOCUMENTATION_COMMENTS = YES;
				CLANG_WARN_EMPTY_BODY = YES;
				CLANG_WARN_ENUM_CONVERSION = YES;
				CLANG_WARN_INFINITE_RECURSION = YES;
				CLANG_WARN_INT_CONVERSION = YES;
				CLANG_WARN_NON_LITERAL_NULL_CONVERSION = YES;
				CLANG_WARN_OBJC_IMPLICIT_RETAIN_SELF = YES;
				CLANG_WARN_OBJC_LITERAL_CONVERSION = YES;
				CLANG_WARN_OBJC_ROOT_CLASS = YES_ERROR;
				CLANG_WARN_RANGE_LOOP_ANALYSIS = YES;
				CLANG_WARN_STRICT_PROTOTYPES = YES;
				CLANG_WARN_SUSPICIOUS_MOVE = YES;
				CLANG_WARN_UNGUARDED_AVAILABILITY = YES_AGGRESSIVE;
				CLANG_WARN_UNREACHABLE_CODE = YES;
				CLANG_WARN__DUPLICATE_METHOD_MATCH = YES;
				CODE_SIGN_IDENTITY = "iPhone Developer";
				COPY_PHASE_STRIP = NO;
				DEBUG_INFORMATION_FORMAT = "dwarf-with-dsym";
				ENABLE_NS_ASSERTIONS = NO;
				ENABLE_STRICT_OBJC_MSGSEND = YES;
				GCC_C_LANGUAGE_STANDARD = gnu11;
				GCC_NO_COMMON_BLOCKS = YES;
				GCC_WARN_64_TO_32_BIT_CONVERSION = YES;
				GCC_WARN_ABOUT_RETURN_TYPE = YES_ERROR;
				GCC_WARN_UNDECLARED_SELECTOR = YES;
				GCC_WARN_UNINITIALIZED_AUTOS = YES_AGGRESSIVE;
				GCC_WARN_UNUSED_FUNCTION = YES;
				GCC_WARN_UNUSED_VARIABLE = YES;
				IPHONEOS_DEPLOYMENT_TARGET = 12.1;
				MTL_ENABLE_DEBUG_INFO = NO;
				MTL_FAST_MATH = YES;
				SDKROOT = iphoneos;
				SWIFT_COMPILATION_MODE = wholemodule;
				SWIFT_OPTIMIZATION_LEVEL = "-O";
				VALIDATE_PRODUCT = YES;
			};
			name = Release;
		};
		D9B3DFDB21AC62D300E4A984 /* Debug */ = {
			isa = XCBuildConfiguration;
			baseConfigurationReference = 2988F3A3ADA838FBEB33FA40 /* Pods-RecordBook.debug.xcconfig */;
			buildSettings = {
				ASSETCATALOG_COMPILER_APPICON_NAME = AppIcon;
				CODE_SIGN_STYLE = Automatic;
				DEVELOPMENT_TEAM = YGTW446LDT;
				INFOPLIST_FILE = RecordBook/Info.plist;
				LD_RUNPATH_SEARCH_PATHS = (
					"$(inherited)",
					"@executable_path/Frameworks",
				);
				PRODUCT_BUNDLE_IDENTIFIER = Berk.RecordBook;
				PRODUCT_NAME = "$(TARGET_NAME)";
				SWIFT_VERSION = 4.2;
				TARGETED_DEVICE_FAMILY = "1,2";
			};
			name = Debug;
		};
		D9B3DFDC21AC62D300E4A984 /* Release */ = {
			isa = XCBuildConfiguration;
			baseConfigurationReference = 9385BAF18741A68B4F8CD885 /* Pods-RecordBook.release.xcconfig */;
			buildSettings = {
				ASSETCATALOG_COMPILER_APPICON_NAME = AppIcon;
				CODE_SIGN_STYLE = Automatic;
				DEVELOPMENT_TEAM = YGTW446LDT;
				INFOPLIST_FILE = RecordBook/Info.plist;
				LD_RUNPATH_SEARCH_PATHS = (
					"$(inherited)",
					"@executable_path/Frameworks",
				);
				PRODUCT_BUNDLE_IDENTIFIER = Berk.RecordBook;
				PRODUCT_NAME = "$(TARGET_NAME)";
				SWIFT_VERSION = 4.2;
				TARGETED_DEVICE_FAMILY = "1,2";
			};
			name = Release;
		};
/* End XCBuildConfiguration section */

/* Begin XCConfigurationList section */
		D9B3DFC121AC62D100E4A984 /* Build configuration list for PBXProject "RecordBook" */ = {
			isa = XCConfigurationList;
			buildConfigurations = (
				D9B3DFD821AC62D300E4A984 /* Debug */,
				D9B3DFD921AC62D300E4A984 /* Release */,
			);
			defaultConfigurationIsVisible = 0;
			defaultConfigurationName = Release;
		};
		D9B3DFDA21AC62D300E4A984 /* Build configuration list for PBXNativeTarget "RecordBook" */ = {
			isa = XCConfigurationList;
			buildConfigurations = (
				D9B3DFDB21AC62D300E4A984 /* Debug */,
				D9B3DFDC21AC62D300E4A984 /* Release */,
			);
			defaultConfigurationIsVisible = 0;
			defaultConfigurationName = Release;
		};
/* End XCConfigurationList section */
	};
	rootObject = D9B3DFBE21AC62D100E4A984 /* Project object */;
}
